
Microsoft Visual Studio Solution File, Format Version 12.00
# Visual Studio Version 17
VisualStudioVersion = 17.10.34928.147
MinimumVisualStudioVersion = 10.0.40219.1
Project("{8BC9CEB8-8B4A-11D0-8D11-00A0C91BC942}") = "lab3", "lab3.vcxproj", "{83AC873A-6787-4791-8F11-F69A14EFF054}"
EndProject
Global
	GlobalSection(SolutionConfigurationPlatforms) = preSolution
		Debug|x64 = Debug|x64
		Debug|x86 = Debug|x86
		Release|x64 = Release|x64
		Release|x86 = Release|x86
	EndGlobalSection
	GlobalSection(ProjectConfigurationPlatforms) = postSolution
		{83AC873A-6787-4791-8F11-F69A14EFF054}.Debug|x64.ActiveCfg = Debug|x64
		{83AC873A-6787-4791-8F11-F69A14EFF054}.Debug|x64.Build.0 = Debug|x64
		{83AC873A-6787-4791-8F11-F69A14EFF054}.Debug|x86.ActiveCfg = Debug|Win32
		{83AC873A-6787-4791-8F11-F69A14EFF054}.Debug|x86.Build.0 = Debug|Win32
		{83AC873A-6787-4791-8F11-F69A14EFF054}.Release|x64.ActiveCfg = Release|x64
		{83AC873A-6787-4791-8F11-F69A14EFF054}.Release|x64.Build.0 = Release|x64
		{83AC873A-6787-4791-8F11-F69A14EFF054}.Release|x86.ActiveCfg = Release|Win32
		{83AC873A-6787-4791-8F11-F69A14EFF054}.Release|x86.Build.0 = Release|Win32
	EndGlobalSection
	GlobalSection(SolutionProperties) = preSolution
		HideSolutionNode = FALSE
	EndGlobalSection
	GlobalSection(ExtensibilityGlobals) = postSolution
		SolutionGuid = {3215E949-C4F9-42A6-A372-0D9E1D6A5419}
	EndGlobalSection
EndGlobal
